
Microsoft Visual Studio Solution File, Format Version 12.00
# Visual Studio 15
VisualStudioVersion = 15.0.28307.168
MinimumVisualStudioVersion = 10.0.40219.1
Project("{FAE04EC0-301F-11D3-BF4B-00C04F79EFBC}") = "C0722784", "C0722784\C0722784.csproj", "{53948E33-7864-436F-8FC3-9B69061C79BD}"
EndProject
Global
	GlobalSection(SolutionConfigurationPlatforms) = preSolution
		Debug|Any CPU = Debug|Any CPU
		Release|Any CPU = Release|Any CPU
	EndGlobalSection
	GlobalSection(ProjectConfigurationPlatforms) = postSolution
		{53948E33-7864-436F-8FC3-9B69061C79BD}.Debug|Any CPU.ActiveCfg = Debug|Any CPU
		{53948E33-7864-436F-8FC3-9B69061C79BD}.Debug|Any CPU.Build.0 = Debug|Any CPU
		{53948E33-7864-436F-8FC3-9B69061C79BD}.Release|Any CPU.ActiveCfg = Release|Any CPU
		{53948E33-7864-436F-8FC3-9B69061C79BD}.Release|Any CPU.Build.0 = Release|Any CPU
	EndGlobalSection
	GlobalSection(SolutionProperties) = preSolution
		HideSolutionNode = FALSE
	EndGlobalSection
	GlobalSection(ExtensibilityGlobals) = postSolution
		SolutionGuid = {7B83AA6E-44F2-443E-94A5-EA68DD81CC25}
	EndGlobalSection
EndGlobal
